
Microsoft Visual Studio Solution File, Format Version 12.00
# Visual Studio Version 16
VisualStudioVersion = 16.0.30104.148
MinimumVisualStudioVersion = 10.0.40219.1
Project("{FAE04EC0-301F-11D3-BF4B-00C04F79EFBC}") = "RBDNumeros.Viwer", "RBDNumeros.Viwer\RBDNumeros.Viwer.csproj", "{6793C5BA-E674-4710-B5D0-3D728D5CD0A8}"
EndProject
Project("{FAE04EC0-301F-11D3-BF4B-00C04F79EFBC}") = "RBDNumeros.Domain", "RBDNumeros.Domain\RBDNumeros.Domain.csproj", "{928F494D-8431-434C-AC37-7981D2EB5B42}"
EndProject
Project("{FAE04EC0-301F-11D3-BF4B-00C04F79EFBC}") = "RBDNumeros.Infra", "RBDNumeros.Infra\RBDNumeros.Infra.csproj", "{3766F275-C5F9-46A3-A8C8-3897E7837732}"
EndProject
Global
	GlobalSection(SolutionConfigurationPlatforms) = preSolution
		Debug|Any CPU = Debug|Any CPU
		Release|Any CPU = Release|Any CPU
	EndGlobalSection
	GlobalSection(ProjectConfigurationPlatforms) = postSolution
		{6793C5BA-E674-4710-B5D0-3D728D5CD0A8}.Debug|Any CPU.ActiveCfg = Debug|Any CPU
		{6793C5BA-E674-4710-B5D0-3D728D5CD0A8}.Debug|Any CPU.Build.0 = Debug|Any CPU
		{6793C5BA-E674-4710-B5D0-3D728D5CD0A8}.Release|Any CPU.ActiveCfg = Release|Any CPU
		{6793C5BA-E674-4710-B5D0-3D728D5CD0A8}.Release|Any CPU.Build.0 = Release|Any CPU
		{928F494D-8431-434C-AC37-7981D2EB5B42}.Debug|Any CPU.ActiveCfg = Debug|Any CPU
		{928F494D-8431-434C-AC37-7981D2EB5B42}.Debug|Any CPU.Build.0 = Debug|Any CPU
		{928F494D-8431-434C-AC37-7981D2EB5B42}.Release|Any CPU.ActiveCfg = Release|Any CPU
		{928F494D-8431-434C-AC37-7981D2EB5B42}.Release|Any CPU.Build.0 = Release|Any CPU
		{3766F275-C5F9-46A3-A8C8-3897E7837732}.Debug|Any CPU.ActiveCfg = Debug|Any CPU
		{3766F275-C5F9-46A3-A8C8-3897E7837732}.Debug|Any CPU.Build.0 = Debug|Any CPU
		{3766F275-C5F9-46A3-A8C8-3897E7837732}.Release|Any CPU.ActiveCfg = Release|Any CPU
		{3766F275-C5F9-46A3-A8C8-3897E7837732}.Release|Any CPU.Build.0 = Release|Any CPU
	EndGlobalSection
	GlobalSection(SolutionProperties) = preSolution
		HideSolutionNode = FALSE
	EndGlobalSection
	GlobalSection(ExtensibilityGlobals) = postSolution
		SolutionGuid = {4A772577-8CDD-413E-9F0A-8CE49CBEA86E}
	EndGlobalSection
EndGlobal
